
Microsoft Visual Studio Solution File, Format Version 12.00
# Visual Studio Version 17
VisualStudioVersion = 17.8.34330.188
MinimumVisualStudioVersion = 10.0.40219.1
Project("{9A19103F-16F7-4668-BE54-9A1E7A4F7556}") = "List_Collections", "List_GenericCollection\List_Collections.csproj", "{A979A370-98B8-4E92-9D2C-FB6578DBA56F}"
EndProject
Project("{9A19103F-16F7-4668-BE54-9A1E7A4F7556}") = "ClassDetails", "ClassDetails\ClassDetails.csproj", "{EB644851-97C7-4389-9F91-3855953A5B0F}"
EndProject
Global
	GlobalSection(SolutionConfigurationPlatforms) = preSolution
		Debug|Any CPU = Debug|Any CPU
		Release|Any CPU = Release|Any CPU
	EndGlobalSection
	GlobalSection(ProjectConfigurationPlatforms) = postSolution
		{A979A370-98B8-4E92-9D2C-FB6578DBA56F}.Debug|Any CPU.ActiveCfg = Debug|Any CPU
		{A979A370-98B8-4E92-9D2C-FB6578DBA56F}.Debug|Any CPU.Build.0 = Debug|Any CPU
		{A979A370-98B8-4E92-9D2C-FB6578DBA56F}.Release|Any CPU.ActiveCfg = Release|Any CPU
		{A979A370-98B8-4E92-9D2C-FB6578DBA56F}.Release|Any CPU.Build.0 = Release|Any CPU
		{EB644851-97C7-4389-9F91-3855953A5B0F}.Debug|Any CPU.ActiveCfg = Debug|Any CPU
		{EB644851-97C7-4389-9F91-3855953A5B0F}.Debug|Any CPU.Build.0 = Debug|Any CPU
		{EB644851-97C7-4389-9F91-3855953A5B0F}.Release|Any CPU.ActiveCfg = Release|Any CPU
		{EB644851-97C7-4389-9F91-3855953A5B0F}.Release|Any CPU.Build.0 = Release|Any CPU
	EndGlobalSection
	GlobalSection(SolutionProperties) = preSolution
		HideSolutionNode = FALSE
	EndGlobalSection
	GlobalSection(ExtensibilityGlobals) = postSolution
		SolutionGuid = {EB21D851-6D11-4CD7-A73A-27ECF3AF1C37}
	EndGlobalSection
EndGlobal
